
Microsoft Visual Studio Solution File, Format Version 12.00
# Visual Studio Version 16
VisualStudioVersion = 16.0.32602.291
MinimumVisualStudioVersion = 10.0.40219.1
Project("{FAE04EC0-301F-11D3-BF4B-00C04F79EFBC}") = "EF6Demo", "EF6Demo.csproj", "{551055F3-3CFB-457B-B1B9-A2F09B7CF795}"
EndProject
Global
	GlobalSection(SolutionConfigurationPlatforms) = preSolution
		Debug|Any CPU = Debug|Any CPU
		Release|Any CPU = Release|Any CPU
	EndGlobalSection
	GlobalSection(ProjectConfigurationPlatforms) = postSolution
		{551055F3-3CFB-457B-B1B9-A2F09B7CF795}.Debug|Any CPU.ActiveCfg = Debug|Any CPU
		{551055F3-3CFB-457B-B1B9-A2F09B7CF795}.Debug|Any CPU.Build.0 = Debug|Any CPU
		{551055F3-3CFB-457B-B1B9-A2F09B7CF795}.Release|Any CPU.ActiveCfg = Release|Any CPU
		{551055F3-3CFB-457B-B1B9-A2F09B7CF795}.Release|Any CPU.Build.0 = Release|Any CPU
	EndGlobalSection
	GlobalSection(SolutionProperties) = preSolution
		HideSolutionNode = FALSE
	EndGlobalSection
	GlobalSection(ExtensibilityGlobals) = postSolution
		SolutionGuid = {BEBD763C-735C-47F8-B964-8D7B8556C9CA}
	EndGlobalSection
EndGlobal
